version = 1
requires-python = ">=3.13"

[[package]]
name = "blake3"
version = "1.0.4"
source = { registry = "https://pypi.org/simple" }
sdist = { url = "https://files.pythonhosted.org/packages/be/12/c5886424124b2a70838731098c1cdefccaeea06c03b4094fc8aeee938069/blake3-1.0.4.tar.gz", hash = "sha256:09b2c66bc2c797e9d783521ec22b1e9a6c74e3ddb98bdd0dcd4fcc2213fb27ec", size = 115198 }
wheels = [
    { url = "https://files.pythonhosted.org/packages/45/19/3b91742911aed0ccde857c2b29479db786602d5894bffeb5cf8c90cd4c0c/blake3-1.0.4-cp313-cp313-macosx_10_12_x86_64.whl", hash = "sha256:1845c2c8a611c30e43a88843f202663ce35a3d4d61a28064bf99a9adf975ab74", size = 337319 },
    { url = "https://files.pythonhosted.org/packages/9e/53/a9100372b7a3fec2a9100e9df097a583312a478b792331abd1dcb6a97364/blake3-1.0.4-cp313-cp313-macosx_11_0_arm64.whl", hash = "sha256:5404a99dcd9d5974ec09a6cc3e66e730ed7b8f65f353dea88b614ca4ed8dcb02", size = 318712 },
    { url = "https://files.pythonhosted.org/packages/b1/ac/73285622f6d0515da4854c1e65a854042d5842bfa9d7e4a164a8176742d9/blake3-1.0.4-cp313-cp313-manylinux_2_17_aarch64.manylinux2014_aarch64.whl", hash = "sha256:d97685ff806592fa2cb35143a3bdb255db58385cbf9c1a3222b4b127ade1714d", size = 362609 },
    { url = "https://files.pythonhosted.org/packages/0f/66/fd85ff8f401afae02ee9ffa146949816098afa8ccdf39ebff99e0f3b1d8a/blake3-1.0.4-cp313-cp313-manylinux_2_17_armv7l.manylinux2014_armv7l.whl", hash = "sha256:94cc36d0e69dc118db3c288c196533603d0f3413017070b455fe63ef0075dca2", size = 366488 },
    { url = "https://files.pythonhosted.org/packages/95/32/5c69a95f35ecfe1e1b18ac7932de66e024fe4e130fe8eb6f0198f6a736b7/blake3-1.0.4-cp313-cp313-manylinux_2_17_i686.manylinux2014_i686.whl", hash = "sha256:d2a0e30369b1e9f24f81c6a666e347309aa746e85a7e986e472156995dc3751c", size = 436240 },
    { url = "https://files.pythonhosted.org/packages/70/ed/350f7559fa770e7c0f7c4235f4e957da5fe7cedd9b5793cca6d0dceef5ab/blake3-1.0.4-cp313-cp313-manylinux_2_17_ppc64le.manylinux2014_ppc64le.whl", hash = "sha256:d09816c855043fe6a498108f6e0ec0ced2d5c1e65bc8a8c24012d773ac4e3208", size = 421682 },
    { url = "https://files.pythonhosted.org/packages/28/22/f8c4c5a9a2277983cdb8889bc54b39d97c40459c101f357df6d5b87511e0/blake3-1.0.4-cp313-cp313-manylinux_2_17_s390x.manylinux2014_s390x.whl", hash = "sha256:41795136af622eb113247ccb09819e388948fc0aa052da02448c9f477c02721f", size = 400187 },
    { url = "https://files.pythonhosted.org/packages/9d/f9/be0f55d672493e5a891bf40388a6eaa32bea50e78ada8d887fa53b8aaf75/blake3-1.0.4-cp313-cp313-manylinux_2_17_x86_64.manylinux2014_x86_64.whl", hash = "sha256:fedc326cac4476d2eab88413a4bf56e491040ae11ea98ddadaa5487cecda9b93", size = 374692 },
    { url = "https://files.pythonhosted.org/packages/ae/a1/4f06d90f4eb5ced1d93997e3e35697b5fded8b7c49d83d753e3531aa5af6/blake3-1.0.4-cp313-cp313-musllinux_1_1_aarch64.whl", hash = "sha256:a760153f4e66edd6214df0a69e7eb90206c8ddd8083734ac430e852453a58e06", size = 529236 },
    { url = "https://files.pythonhosted.org/packages/a0/7c/45b8d25c7a2dea9d6c32519b0a1992360c104e344faa8c318cec886630c8/blake3-1.0.4-cp313-cp313-musllinux_1_1_x86_64.whl", hash = "sha256:e93d952635a96225dda9f0b94bb115a7f1c1777db38f8a49cb902bf9433dd436", size = 537725 },
    { url = "https://files.pythonhosted.org/packages/e0/78/270e36726bcc7061f546c8505c8f8282044c75058bd1faa7885d72a71684/blake3-1.0.4-cp313-cp313-win32.whl", hash = "sha256:8b514764be91cce5825e1a3dd393004a112f8acbf1c782aaa43c057c40837a01", size = 228041 },
    { url = "https://files.pythonhosted.org/packages/54/bf/b32aaf49d3544c4ed4431f79c1e7466b7522db6d28aa81f42bcbfc6e02bb/blake3-1.0.4-cp313-cp313-win_amd64.whl", hash = "sha256:0c6477a4689b374e846fd5330839c0d27d932fa62c2d2d6b731a28798d0348a0", size = 212476 },
    { url = "https://files.pythonhosted.org/packages/b8/73/544a8cab5601f2a22765431c7a3280f3b9b15e99f731eeec1040ca7c929a/blake3-1.0.4-cp313-cp313t-macosx_10_12_x86_64.whl", hash = "sha256:fbc00208e9ebd4595290a684609a7a0557ca892f28870f44df4e433d4758e9b8", size = 337208 },
    { url = "https://files.pythonhosted.org/packages/ff/2e/5a5b648c1c11c5163a3b883ab398bf42852fa4df3ce8fe23623bfd9bc92b/blake3-1.0.4-cp313-cp313t-macosx_11_0_arm64.whl", hash = "sha256:512c7515a42398a5b01d758c53e315d295a1403b09786d9579d7f8dba4907865", size = 318462 },
    { url = "https://files.pythonhosted.org/packages/f4/ba/40ba531aa6edac47dde11de8c757080134e528e2f69612a8b45ed172211c/blake3-1.0.4-cp313-cp313t-manylinux_2_17_aarch64.manylinux2014_aarch64.whl", hash = "sha256:54d792827498d664b4e0687ca35cde8bbdc616e6766421378179b89914a65a6e", size = 361838 },
    { url = "https://files.pythonhosted.org/packages/72/a4/ea5566e8d4244e0a93a1619c7144bacde1432d9f14df6c00d30e7691d8b5/blake3-1.0.4-cp313-cp313t-manylinux_2_17_armv7l.manylinux2014_armv7l.whl", hash = "sha256:97134b7c407e6c4ddcff1813577763b4e370397f9ba20cf0db3d0fff13b4edf5", size = 365968 },
    { url = "https://files.pythonhosted.org/packages/e9/43/0d889818250121da2dc794501cdc741bd96916c335876e559594f047df6f/blake3-1.0.4-cp313-cp313t-manylinux_2_17_i686.manylinux2014_i686.whl", hash = "sha256:c40e2badab95569681759273013ea19349c438dfc3c50a5d2e5c88e1b3879ba5", size = 436441 },
    { url = "https://files.pythonhosted.org/packages/e1/46/a6093772bc95cf9a763940a5a199d27b1df41fcb2b319223b9b615d26c94/blake3-1.0.4-cp313-cp313t-manylinux_2_17_ppc64le.manylinux2014_ppc64le.whl", hash = "sha256:4e5f23d483a0e22a46991031a659cd65e58a84c2b737544e5a126fd49ffece68", size = 421019 },
    { url = "https://files.pythonhosted.org/packages/ff/3b/d9fb339e4630c9004b3ce8b261c4f7437f65f4ad52737633d0622ea23114/blake3-1.0.4-cp313-cp313t-manylinux_2_17_s390x.manylinux2014_s390x.whl", hash = "sha256:1509d898c7930451720f3667b1f733434db1090f295b6d947f88140face1c596", size = 399381 },
    { url = "https://files.pythonhosted.org/packages/2d/bb/a6250b45bc4c63b341486c8dca9d5d7b1a611b78a41d9497afe871809ec5/blake3-1.0.4-cp313-cp313t-manylinux_2_17_x86_64.manylinux2014_x86_64.whl", hash = "sha256:785ef236f8da4ab4f233d02c403fc1bc6eab093edad1ca5903dd9dbb2b1c8e26", size = 374992 },
    { url = "https://files.pythonhosted.org/packages/a1/08/f48cb923bf587501114d2b3c3003bc7c0b71e70a9853e0a4f1163db59fb7/blake3-1.0.4-cp313-cp313t-musllinux_1_1_aarch64.whl", hash = "sha256:e53f76390144272ecfe34da0466e1df66c3252e4e8a3b44b12d75c8acd393397", size = 528865 },
    { url = "https://files.pythonhosted.org/packages/e3/38/3fd5509dabaf63befa17691b74ec851f62975028ce66acfa9c8767ee2194/blake3-1.0.4-cp313-cp313t-musllinux_1_1_x86_64.whl", hash = "sha256:d8e89c286ee110b2e325b179954eb2176d4a6315caef2eb8b44bcac7374da2b0", size = 537529 },
    { url = "https://files.pythonhosted.org/packages/5c/38/fe0df3bdacbf2bca06f1aa8132cb7a73afdf1f2372336b0c57f751a2fff1/blake3-1.0.4-cp313-cp313t-win32.whl", hash = "sha256:00605aa59923205c6a4f21131840840eb2d9a754c59b163357d890566755b97a", size = 227844 },
    { url = "https://files.pythonhosted.org/packages/83/86/f27f21a589e7d45a578ec8c64dd6e7a0c6bc5472f72c8897b41166952438/blake3-1.0.4-cp313-cp313t-win_amd64.whl", hash = "sha256:95b2223177be6e269ab5f39bf1f2c186dc4852d546f15500bb7dcc114cf681f0", size = 211884 },
]

[[package]]
name = "galois"
version = "0.4.4"
source = { registry = "https://pypi.org/simple" }
dependencies = [
    { name = "numba" },
    { name = "numpy" },
    { name = "typing-extensions" },
]
sdist = { url = "https://files.pythonhosted.org/packages/23/58/8b77ddc5ab6bcc4a28e39fb6a1ca4946108d758b7dcab77e5a59d5fb70d5/galois-0.4.4.tar.gz", hash = "sha256:cab4f933981ea9a51f155ea2062724b42373d6c408a00b2ac272e1b00529c0a3", size = 7338599 }
wheels = [
    { url = "https://files.pythonhosted.org/packages/72/ff/9284d08e2ae04dba92f6d5e7e9ba688e63d09348ddff8968fefd4de9db68/galois-0.4.4-py3-none-any.whl", hash = "sha256:6d84a83cb6dab5321f5d5081c2dcc77435d5a3cbe8b0672577be9a53123c1c8c", size = 4170530 },
]

[[package]]
name = "llvmlite"
version = "0.44.0"
source = { registry = "https://pypi.org/simple" }
sdist = { url = "https://files.pythonhosted.org/packages/89/6a/95a3d3610d5c75293d5dbbb2a76480d5d4eeba641557b69fe90af6c5b84e/llvmlite-0.44.0.tar.gz", hash = "sha256:07667d66a5d150abed9157ab6c0b9393c9356f229784a4385c02f99e94fc94d4", size = 171880 }
wheels = [
    { url = "https://files.pythonhosted.org/packages/89/24/4c0ca705a717514c2092b18476e7a12c74d34d875e05e4d742618ebbf449/llvmlite-0.44.0-cp313-cp313-macosx_10_14_x86_64.whl", hash = "sha256:319bddd44e5f71ae2689859b7203080716448a3cd1128fb144fe5c055219d516", size = 28132306 },
    { url = "https://files.pythonhosted.org/packages/01/cf/1dd5a60ba6aee7122ab9243fd614abcf22f36b0437cbbe1ccf1e3391461c/llvmlite-0.44.0-cp313-cp313-macosx_11_0_arm64.whl", hash = "sha256:9c58867118bad04a0bb22a2e0068c693719658105e40009ffe95c7000fcde88e", size = 26201090 },
    { url = "https://files.pythonhosted.org/packages/d2/1b/656f5a357de7135a3777bd735cc7c9b8f23b4d37465505bd0eaf4be9befe/llvmlite-0.44.0-cp313-cp313-manylinux_2_17_x86_64.manylinux2014_x86_64.whl", hash = "sha256:46224058b13c96af1365290bdfebe9a6264ae62fb79b2b55693deed11657a8bf", size = 42361904 },
    { url = "https://files.pythonhosted.org/packages/d8/e1/12c5f20cb9168fb3464a34310411d5ad86e4163c8ff2d14a2b57e5cc6bac/llvmlite-0.44.0-cp313-cp313-manylinux_2_27_aarch64.manylinux_2_28_aarch64.whl", hash = "sha256:aa0097052c32bf721a4efc03bd109d335dfa57d9bffb3d4c24cc680711b8b4fc", size = 41184245 },
    { url = "https://files.pythonhosted.org/packages/d0/81/e66fc86539293282fd9cb7c9417438e897f369e79ffb62e1ae5e5154d4dd/llvmlite-0.44.0-cp313-cp313-win_amd64.whl", hash = "sha256:2fb7c4f2fb86cbae6dca3db9ab203eeea0e22d73b99bc2341cdf9de93612e930", size = 30331193 },
]

[[package]]
name = "mpmath"
version = "1.3.0"
source = { registry = "https://pypi.org/simple" }
sdist = { url = "https://files.pythonhosted.org/packages/e0/47/dd32fa426cc72114383ac549964eecb20ecfd886d1e5ccf5340b55b02f57/mpmath-1.3.0.tar.gz", hash = "sha256:7a28eb2a9774d00c7bc92411c19a89209d5da7c4c9a9e227be8330a23a25b91f", size = 508106 }
wheels = [
    { url = "https://files.pythonhosted.org/packages/43/e3/7d92a15f894aa0c9c4b49b8ee9ac9850d6e63b03c9c32c0367a13ae62209/mpmath-1.3.0-py3-none-any.whl", hash = "sha256:a0b2b9fe80bbcd81a6647ff13108738cfb482d481d826cc0e02f5b35e5c88d2c", size = 536198 },
]

[[package]]
name = "numba"
version = "0.61.2"
source = { registry = "https://pypi.org/simple" }
dependencies = [
    { name = "llvmlite" },
    { name = "numpy" },
]
sdist = { url = "https://files.pythonhosted.org/packages/1c/a0/e21f57604304aa03ebb8e098429222722ad99176a4f979d34af1d1ee80da/numba-0.61.2.tar.gz", hash = "sha256:8750ee147940a6637b80ecf7f95062185ad8726c8c28a2295b8ec1160a196f7d", size = 2820615 }
wheels = [
    { url = "https://files.pythonhosted.org/packages/0b/f3/0fe4c1b1f2569e8a18ad90c159298d862f96c3964392a20d74fc628aee44/numba-0.61.2-cp313-cp313-macosx_10_14_x86_64.whl", hash = "sha256:3a10a8fc9afac40b1eac55717cece1b8b1ac0b946f5065c89e00bde646b5b154", size = 2771785 },
    { url = "https://files.pythonhosted.org/packages/e9/71/91b277d712e46bd5059f8a5866862ed1116091a7cb03bd2704ba8ebe015f/numba-0.61.2-cp313-cp313-macosx_11_0_arm64.whl", hash = "sha256:7d3bcada3c9afba3bed413fba45845f2fb9cd0d2b27dd58a1be90257e293d140", size = 2773289 },
    { url = "https://files.pythonhosted.org/packages/0d/e0/5ea04e7ad2c39288c0f0f9e8d47638ad70f28e275d092733b5817cf243c9/numba-0.61.2-cp313-cp313-manylinux2014_x86_64.manylinux_2_17_x86_64.whl", hash = "sha256:bdbca73ad81fa196bd53dc12e3aaf1564ae036e0c125f237c7644fe64a4928ab", size = 3893918 },
    { url = "https://files.pythonhosted.org/packages/17/58/064f4dcb7d7e9412f16ecf80ed753f92297e39f399c905389688cf950b81/numba-0.61.2-cp313-cp313-manylinux_2_28_aarch64.whl", hash = "sha256:5f154aaea625fb32cfbe3b80c5456d514d416fcdf79733dd69c0df3a11348e9e", size = 3584056 },
    { url = "https://files.pythonhosted.org/packages/af/a4/6d3a0f2d3989e62a18749e1e9913d5fa4910bbb3e3311a035baea6caf26d/numba-0.61.2-cp313-cp313-win_amd64.whl", hash = "sha256:59321215e2e0ac5fa928a8020ab00b8e57cda8a97384963ac0dfa4d4e6aa54e7", size = 2831846 },
]

[[package]]
name = "numpy"
version = "2.2.4"
source = { registry = "https://pypi.org/simple" }
sdist = { url = "https://files.pythonhosted.org/packages/e1/78/31103410a57bc2c2b93a3597340a8119588571f6a4539067546cb9a0bfac/numpy-2.2.4.tar.gz", hash = "sha256:9ba03692a45d3eef66559efe1d1096c4b9b75c0986b5dff5530c378fb8331d4f", size = 20270701 }
wheels = [
    { url = "https://files.pythonhosted.org/packages/2a/d0/bd5ad792e78017f5decfb2ecc947422a3669a34f775679a76317af671ffc/numpy-2.2.4-cp313-cp313-macosx_10_13_x86_64.whl", hash = "sha256:1cf4e5c6a278d620dee9ddeb487dc6a860f9b199eadeecc567f777daace1e9e7", size = 20933623 },
    { url = "https://files.pythonhosted.org/packages/c3/bc/2b3545766337b95409868f8e62053135bdc7fa2ce630aba983a2aa60b559/numpy-2.2.4-cp313-cp313-macosx_11_0_arm64.whl", hash = "sha256:1974afec0b479e50438fc3648974268f972e2d908ddb6d7fb634598cdb8260a0", size = 14148681 },
    { url = "https://files.pythonhosted.org/packages/6a/70/67b24d68a56551d43a6ec9fe8c5f91b526d4c1a46a6387b956bf2d64744e/numpy-2.2.4-cp313-cp313-macosx_14_0_arm64.whl", hash = "sha256:79bd5f0a02aa16808fcbc79a9a376a147cc1045f7dfe44c6e7d53fa8b8a79392", size = 5148759 },
    { url = "https://files.pythonhosted.org/packages/1c/8b/e2fc8a75fcb7be12d90b31477c9356c0cbb44abce7ffb36be39a0017afad/numpy-2.2.4-cp313-cp313-macosx_14_0_x86_64.whl", hash = "sha256:3387dd7232804b341165cedcb90694565a6015433ee076c6754775e85d86f1fc", size = 6683092 },
    { url = "https://files.pythonhosted.org/packages/13/73/41b7b27f169ecf368b52533edb72e56a133f9e86256e809e169362553b49/numpy-2.2.4-cp313-cp313-manylinux_2_17_aarch64.manylinux2014_aarch64.whl", hash = "sha256:6f527d8fdb0286fd2fd97a2a96c6be17ba4232da346931d967a0630050dfd298", size = 14081422 },
    { url = "https://files.pythonhosted.org/packages/4b/04/e208ff3ae3ddfbafc05910f89546382f15a3f10186b1f56bd99f159689c2/numpy-2.2.4-cp313-cp313-manylinux_2_17_x86_64.manylinux2014_x86_64.whl", hash = "sha256:bce43e386c16898b91e162e5baaad90c4b06f9dcbe36282490032cec98dc8ae7", size = 16132202 },
    { url = "https://files.pythonhosted.org/packages/fe/bc/2218160574d862d5e55f803d88ddcad88beff94791f9c5f86d67bd8fbf1c/numpy-2.2.4-cp313-cp313-musllinux_1_2_aarch64.whl", hash = "sha256:31504f970f563d99f71a3512d0c01a645b692b12a63630d6aafa0939e52361e6", size = 15573131 },
    { url = "https://files.pythonhosted.org/packages/a5/78/97c775bc4f05abc8a8426436b7cb1be806a02a2994b195945600855e3a25/numpy-2.2.4-cp313-cp313-musllinux_1_2_x86_64.whl", hash = "sha256:81413336ef121a6ba746892fad881a83351ee3e1e4011f52e97fba79233611fd", size = 17894270 },
    { url = "https://files.pythonhosted.org/packages/b9/eb/38c06217a5f6de27dcb41524ca95a44e395e6a1decdc0c99fec0832ce6ae/numpy-2.2.4-cp313-cp313-win32.whl", hash = "sha256:f486038e44caa08dbd97275a9a35a283a8f1d2f0ee60ac260a1790e76660833c", size = 6308141 },
    { url = "https://files.pythonhosted.org/packages/52/17/d0dd10ab6d125c6d11ffb6dfa3423c3571befab8358d4f85cd4471964fcd/numpy-2.2.4-cp313-cp313-win_amd64.whl", hash = "sha256:207a2b8441cc8b6a2a78c9ddc64d00d20c303d79fba08c577752f080c4007ee3", size = 12636885 },
    { url = "https://files.pythonhosted.org/packages/fa/e2/793288ede17a0fdc921172916efb40f3cbc2aa97e76c5c84aba6dc7e8747/numpy-2.2.4-cp313-cp313t-macosx_10_13_x86_64.whl", hash = "sha256:8120575cb4882318c791f839a4fd66161a6fa46f3f0a5e613071aae35b5dd8f8", size = 20961829 },
    { url = "https://files.pythonhosted.org/packages/3a/75/bb4573f6c462afd1ea5cbedcc362fe3e9bdbcc57aefd37c681be1155fbaa/numpy-2.2.4-cp313-cp313t-macosx_11_0_arm64.whl", hash = "sha256:a761ba0fa886a7bb33c6c8f6f20213735cb19642c580a931c625ee377ee8bd39", size = 14161419 },
    { url = "https://files.pythonhosted.org/packages/03/68/07b4cd01090ca46c7a336958b413cdbe75002286295f2addea767b7f16c9/numpy-2.2.4-cp313-cp313t-macosx_14_0_arm64.whl", hash = "sha256:ac0280f1ba4a4bfff363a99a6aceed4f8e123f8a9b234c89140f5e894e452ecd", size = 5196414 },
    { url = "https://files.pythonhosted.org/packages/a5/fd/d4a29478d622fedff5c4b4b4cedfc37a00691079623c0575978d2446db9e/numpy-2.2.4-cp313-cp313t-macosx_14_0_x86_64.whl", hash = "sha256:879cf3a9a2b53a4672a168c21375166171bc3932b7e21f622201811c43cdd3b0", size = 6709379 },
    { url = "https://files.pythonhosted.org/packages/41/78/96dddb75bb9be730b87c72f30ffdd62611aba234e4e460576a068c98eff6/numpy-2.2.4-cp313-cp313t-manylinux_2_17_aarch64.manylinux2014_aarch64.whl", hash = "sha256:f05d4198c1bacc9124018109c5fba2f3201dbe7ab6e92ff100494f236209c960", size = 14051725 },
    { url = "https://files.pythonhosted.org/packages/00/06/5306b8199bffac2a29d9119c11f457f6c7d41115a335b78d3f86fad4dbe8/numpy-2.2.4-cp313-cp313t-manylinux_2_17_x86_64.manylinux2014_x86_64.whl", hash = "sha256:e2f085ce2e813a50dfd0e01fbfc0c12bbe5d2063d99f8b29da30e544fb6483b8", size = 16101638 },
    { url = "https://files.pythonhosted.org/packages/fa/03/74c5b631ee1ded596945c12027649e6344614144369fd3ec1aaced782882/numpy-2.2.4-cp313-cp313t-musllinux_1_2_aarch64.whl", hash = "sha256:92bda934a791c01d6d9d8e038363c50918ef7c40601552a58ac84c9613a665bc", size = 15571717 },
    { url = "https://files.pythonhosted.org/packages/cb/dc/4fc7c0283abe0981e3b89f9b332a134e237dd476b0c018e1e21083310c31/numpy-2.2.4-cp313-cp313t-musllinux_1_2_x86_64.whl", hash = "sha256:ee4d528022f4c5ff67332469e10efe06a267e32f4067dc76bb7e2cddf3cd25ff", size = 17879998 },
    { url = "https://files.pythonhosted.org/packages/e5/2b/878576190c5cfa29ed896b518cc516aecc7c98a919e20706c12480465f43/numpy-2.2.4-cp313-cp313t-win32.whl", hash = "sha256:05c076d531e9998e7e694c36e8b349969c56eadd2cdcd07242958489d79a7286", size = 6366896 },
    { url = "https://files.pythonhosted.org/packages/3e/05/eb7eec66b95cf697f08c754ef26c3549d03ebd682819f794cb039574a0a6/numpy-2.2.4-cp313-cp313t-win_amd64.whl", hash = "sha256:188dcbca89834cc2e14eb2f106c96d6d46f200fe0200310fc29089657379c58d", size = 12739119 },
]

[[package]]
name = "python-flint"
version = "0.7.1"
source = { registry = "https://pypi.org/simple" }
sdist = { url = "https://files.pythonhosted.org/packages/d8/94/6fd4bb1049b9fdfc93efa9c7524cdd9ee0b4f3fe27a23fd5bd40ffc932e4/python_flint-0.7.1.tar.gz", hash = "sha256:8594cdbcba0c29503eefca76dfca37fe2388f11ee95c8d1f74e47006b97ce6d2", size = 383822 }
wheels = [
    { url = "https://files.pythonhosted.org/packages/5c/f5/a6f08a096628a5422c208ed4a739c1f032489df5d69546351f4498425285/python_flint-0.7.1-cp313-cp313-macosx_10_13_x86_64.whl", hash = "sha256:b8126f0e0fa1f25106528dcdd6e5a86377704332457c807ffbfad6da468a4af1", size = 8534348 },
    { url = "https://files.pythonhosted.org/packages/7b/4b/ad27a89e24be3f4633adb7fad061d8a93c8be1ba3b36f73db5145c2438e7/python_flint-0.7.1-cp313-cp313-macosx_11_0_arm64.whl", hash = "sha256:1fec6c384108a6b97634f2bcb4a2785016867a78e7d4faaa8fbaa9914dadadbc", size = 7370422 },
    { url = "https://files.pythonhosted.org/packages/b4/0e/e8f5a55769e4da67fae7e43d27d06f181c14c0533b98567684d1a44c1958/python_flint-0.7.1-cp313-cp313-manylinux_2_17_x86_64.manylinux2014_x86_64.whl", hash = "sha256:d539ff1d0db8b8adf8927e5a9b7238511890198fa4097f417245601558595721", size = 11440895 },
    { url = "https://files.pythonhosted.org/packages/2d/08/4280e23de377431ef683e94cd9fc05a7c9464357920ae6821bed8bbb471e/python_flint-0.7.1-cp313-cp313-manylinux_2_28_aarch64.whl", hash = "sha256:7b433426a35b6648fad773c47277c7c1c26f53e17eeaa9b0350f30be85fce4e6", size = 11418469 },
    { url = "https://files.pythonhosted.org/packages/fa/0d/f5ca536308925f680476a17c25da2d2c831cd0e250ad99c53472900659f6/python_flint-0.7.1-cp313-cp313-win_amd64.whl", hash = "sha256:41ff4d9a658dd493b390b9b8a30b4f1d64c31ca7acedda34f6c7fbbb7f226816", size = 12079089 },
    { url = "https://files.pythonhosted.org/packages/d7/62/4e6e70bcf7e6cf0b3bb82caedd1b06c82cae76181e98d135a23d606d1360/python_flint-0.7.1-cp313-cp313t-macosx_10_13_x86_64.whl", hash = "sha256:ab5c2c5617d7b38ee462eead5902fd7ec41ef20e03a64fa765701f6298ec37de", size = 8715558 },
    { url = "https://files.pythonhosted.org/packages/9b/10/a0d634c9ebd75df9feed1d68bf08d0ed438e12397e346b0869bdc7f65907/python_flint-0.7.1-cp313-cp313t-macosx_11_0_arm64.whl", hash = "sha256:645aa711655e18136d61a4a3ec0b911172960de21208d44fb39c145ef10be720", size = 7565523 },
    { url = "https://files.pythonhosted.org/packages/a4/7e/1b98bd1edaae8ced93fb55bfd52f014624be119ff46899b03858889c088e/python_flint-0.7.1-cp313-cp313t-manylinux_2_17_x86_64.manylinux2014_x86_64.whl", hash = "sha256:f1b9fb4d118a408a6ac96b54afece26db8e25230cf9bcefb7f344e8f7b6889b0", size = 11453309 },
    { url = "https://files.pythonhosted.org/packages/d6/92/6315517edb7f46dcaf05e045c18f97b941d800a193855fbed613de2fed03/python_flint-0.7.1-cp313-cp313t-manylinux_2_28_aarch64.whl", hash = "sha256:1fd08304c34cdcdef0c4f3a90bbe3275425218ee4e4d7130010bfd2a85da3d0d", size = 11450459 },
    { url = "https://files.pythonhosted.org/packages/f3/d1/b118b8cda4cb09cb1c7e35f002342fa9a3e3f592335188352cb213aab542/python_flint-0.7.1-cp313-cp313t-win_amd64.whl", hash = "sha256:b2b5d1b02e9a99570d00a111c87da2550230a0701044d9263bac118e6f14742c", size = 12094162 },
]

[[package]]
name = "sympy"
version = "1.13.3"
source = { registry = "https://pypi.org/simple" }
dependencies = [
    { name = "mpmath" },
]
sdist = { url = "https://files.pythonhosted.org/packages/11/8a/5a7fd6284fa8caac23a26c9ddf9c30485a48169344b4bd3b0f02fef1890f/sympy-1.13.3.tar.gz", hash = "sha256:b27fd2c6530e0ab39e275fc9b683895367e51d5da91baa8d3d64db2565fec4d9", size = 7533196 }
wheels = [
    { url = "https://files.pythonhosted.org/packages/99/ff/c87e0622b1dadea79d2fb0b25ade9ed98954c9033722eb707053d310d4f3/sympy-1.13.3-py3-none-any.whl", hash = "sha256:54612cf55a62755ee71824ce692986f23c88ffa77207b30c1368eda4a7060f73", size = 6189483 },
]

[[package]]
name = "thesis-code"
version = "0.1.0"
source = { virtual = "." }
dependencies = [
    { name = "blake3" },
    { name = "galois" },
    { name = "python-flint" },
    { name = "sympy" },
]

[package.metadata]
requires-dist = [
    { name = "blake3", specifier = ">=1.0.4" },
    { name = "galois", specifier = ">=0.4.4" },
    { name = "python-flint", specifier = ">=0.7.1" },
    { name = "sympy", specifier = ">=1.13.3" },
]

[[package]]
name = "typing-extensions"
version = "4.13.1"
source = { registry = "https://pypi.org/simple" }
sdist = { url = "https://files.pythonhosted.org/packages/76/ad/cd3e3465232ec2416ae9b983f27b9e94dc8171d56ac99b345319a9475967/typing_extensions-4.13.1.tar.gz", hash = "sha256:98795af00fb9640edec5b8e31fc647597b4691f099ad75f469a2616be1a76dff", size = 106633 }
wheels = [
    { url = "https://files.pythonhosted.org/packages/df/c5/e7a0b0f5ed69f94c8ab7379c599e6036886bffcde609969a5325f47f1332/typing_extensions-4.13.1-py3-none-any.whl", hash = "sha256:4b6cf02909eb5495cfbc3f6e8fd49217e6cc7944e145cdda8caa3734777f9e69", size = 45739 },
]
